{
  "version": 4,
  "terraform_version": "1.8.5",
  "serial": 61,
  "lineage": "9b88dca6-03df-5a5d-3ac9-3654daf3a8f6",
  "outputs": {
    "linux_virtual_machine_ips": {
      "value": [
        [
          "52.168.48.181"
        ],
        [
          "52.168.70.93"
        ]
      ],
      "type": [
        "tuple",
        [
          [
            "tuple",
            [
              "string"
            ]
          ],
          [
            "tuple",
            [
              "string"
            ]
          ]
        ]
      ]
    },
    "linux_virtual_machine_names": {
      "value": [
        [
          "myVM-1"
        ],
        [
          "myVM-2"
        ]
      ],
      "type": [
        "tuple",
        [
          [
            "tuple",
            [
              "string"
            ]
          ],
          [
            "tuple",
            [
              "string"
            ]
          ]
        ]
      ]
    },
    "resource_group_name": {
      "value": "rg-on-snake",
      "type": "string"
    },
    "subnet_name": {
      "value": "aula-subnet",
      "type": "string"
    },
    "virtual_network_name": {
      "value": "aula-vnet",
      "type": "string"
    }
  },
  "resources": [
    {
      "mode": "managed",
      "type": "azapi_resource",
      "name": "ssh_public_key",
      "provider": "provider[\"registry.terraform.io/azure/azapi\"]",
      "instances": [
        {
          "schema_version": 1,
          "attributes": {
            "body": {
              "value": "{}",
              "type": "string"
            },
            "id": "/subscriptions/3df3bf53-d19c-4447-a202-9d092533e1b2/resourceGroups/rg-on-snake/providers/Microsoft.Compute/sshPublicKeys/sshpromotedscorpion",
            "identity": [],
            "ignore_body_changes": null,
            "ignore_casing": false,
            "ignore_missing_property": true,
            "location": "eastus",
            "locks": null,
            "name": "sshpromotedscorpion",
            "output": {
              "value": "{}",
              "type": "string"
            },
            "parent_id": "/subscriptions/3df3bf53-d19c-4447-a202-9d092533e1b2/resourceGroups/rg-on-snake",
            "removing_special_chars": false,
            "response_export_values": null,
            "schema_validation_enabled": true,
            "tags": null,
            "timeouts": null,
            "type": "Microsoft.Compute/sshPublicKeys@2022-11-01"
          },
          "sensitive_attributes": [],
          "dependencies": [
            "azurerm_resource_group.rg",
            "random_pet.rg_name",
            "random_pet.ssh_key_name"
          ]
        }
      ]
    },
    {
      "mode": "managed",
      "type": "azapi_resource_action",
      "name": "ssh_public_key_gen",
      "provider": "provider[\"registry.terraform.io/azure/azapi\"]",
      "instances": [
        {
          "schema_version": 1,
          "attributes": {
            "action": "generateKeyPair",
            "body": null,
            "id": "/subscriptions/3df3bf53-d19c-4447-a202-9d092533e1b2/resourceGroups/rg-on-snake/providers/Microsoft.Compute/sshPublicKeys/sshpromotedscorpion/generateKeyPair",
            "locks": null,
            "method": "POST",
            "output": {
              "value": {
                "privateKey": "-----BEGIN RSA PRIVATE KEY-----\r\nMIIG5QIBAAKCAYEAtHa1clQLtSb/8zFp1NDuGNcVUtDprz4Cq9plAgQgPy+L0lGV\r\nJQJq4STF0Vo78F0zjgnEACJMxKNpa6QEKeP8ZqBqDYUAqmmMQy9ewjvU8yn9ASxd\r\nATC+lmPVu5xkl9m/mBLcPFkCEcisOlXcQxfbiqpnm2XaK7qaQnK6WDVfdngnuQrL\r\nsaerKud20ajw0uE32xhr56njtJGn+l+5PWIWSdVZIaNvICyBx63TDvVMePiWigzP\r\nPya7CgZXgbtc72Rv/uc225j/7MtCcnQOmUSyZ34TeRRLccpneWgdMM5LfgZzVH1C\r\nLU3tRHkrwE1YscFcV81NZQr6qB9c1tES7neP0hwkCwaMpT8gvtRCg66EGOG4qSkq\r\nyl81oXZkGzqa2udN0VlxSb7sNGXZCBPgjO8LsyMNy2JXp00r2FLzSjQxwKRFvF7l\r\nRooJjW85SxmpmovPC6WAtSr09/AtlPaESeRAOGfG+lVV2WGPDBAOzH3OGzfGWmga\r\n65kvOUccnwfYZTqVAgMBAAECggGAWPEYxFw/2Ox7wTRdYJIIhx2aWNK2GbSKRIDC\r\nv5eg/QNF+kZTJ4ZlfslM5b1/RRvqSNrvStGc3F1dm7uegbbnsvzkx/0BMvwKMSKr\r\npTcv4RiUpXtj6y5HAH/72xddTKn5D85b1TJZHsK0f5vJjxe3EESkA6bTPDIfzRgW\r\nV1sWzaCykzSK5+gnKGIj4XlOF+EAUm9a3zaQD3KqQ2/iMCqjqYgJAdc28bh9zhgR\r\nqZGkOwrpxuhBTHKeRHaTslDRoPrykt1fhPtfXjOs6egUdu9wP2QdbqSw6gHjo8il\r\nYS8J33Y3HZ+mCCWAgHfLTr4Vclhaz9yHL/36RB2QRzKSPsmemanrV485Mkg9XfBG\r\nkp1P9MBVQGffy5J7JI97/GE+jKz+c8SUYxYWHz1JcO+qDuF2RmPSwmX6fsLiRZvT\r\ndRWUTonXXSuCO3GC9G7rfE8kk176mQ/LmF1ymQe9RwZFbe/R9BOClt9x/JnB7tyJ\r\nOlDeqJgknXqzNFPolb6HZgnJyGyRAoHBAO0ukT8HtEGw504w7ocdkpAmggkIhYHD\r\nQh98MsFUoIHfqLDrFgiLkDMEvtGfkR9yK26RwKoY8KHMqf22JB8Q8eMI7epRpUvX\r\nfv0rkxZldzgUMzoYccf/TJa7cOglAv+6PfF2Ul28yHZdJaj/LXsI2v1idCYjqFuA\r\n21IQIGZYmvDw7+WcBjMTLP6l9/5MdLmXue7S41r8Q+uUlTgwLARZ8DWlPGSTzeh1\r\nhafYw5vKhdeHDeom+IZt372OKtiQD+QeLwKBwQDCyCF0qZvdK1LzJY86iv6gPWAF\r\n20V8/OyvY9aTM3Qmqg1oAuDqHN6vbWvFW+vmRpcmnUwFT5ued0/t6U56eFwHi6Rx\r\nFaeVP4/0NjvxQ9SnGfjz9Fjb7s4SCGVEaoBxvHXrd2S77WV7v4Z2b+J6JElwdxKC\r\ntvVCHim3YjuY31nIVBXGgbH4pVGe6HOF+Pso4/5Zg7ugjec9isAowQv+OxaQ73Ft\r\nAHRI9nJi3WplFqGPP1+YLHVuuAAOAZEDjL18ZnsCgcEAp9dBT5I7HBV8yddUpGbn\r\n9XxantvZ5kbvvuob3LXvU5ibfn8Nu4RPydq80giSIOehFoCsD3LQrh7v2KuRCi7q\r\njVgfTKb0SyQ3KB8y2jF5WUTqL11m/zmJ0EzajFzMr3zzIrExfkX+scwev2W8oIlW\r\ntuJ6ARdQp1gbXAovc12WX5SQnzJ3LKOQPq/iO6GNJFzbZcb0vskvo0ElC3sDWxzu\r\nIHhKsX3qw2qO54U8fz2k0y0uSpnDWxXbs/8sEM55gFtfAoHBAJFhNG9RxI7QLkpi\r\nx0OHyMKq7IeSgIvob3P9DYOyzMeq9vSh6WNzhtXi0qRslma6W0ir8LiqEVm2bccB\r\n8txAB1huZp8s7XbdCUHaVOUfnpHWNdVHlCcbV11oPMVSxGmfo1fLNjl519wEOIUf\r\nvycw/Etf5EYB7o6Z2sMQI7FXSzjVYadW2BHguknj742YJ0X+3bHMO/d60pRBgmko\r\npR3s1kv5G2yjASgQIZIe9rFasd0sDNqUnFW2KfxKOQUwP6GhDwKBwQCRHMMco06k\r\n2E73gGg4lHGPgbsEJL38lwX+/WaHCjGuTmDqr4dm95iQx1k7IunbzDSniF/Fpyq4\r\np6oFAgNDwKbp3w9VnSehNX3Z/JfLAJMKVg4Hz+vg9OXi5EMNG60IYuux5MMFnux0\r\nyCpIugzPqGTmBmQX7mDdObI/xrKOSOavKKhWTnDW1EOa1NHg2ru9Rt8Sh4WT8Pnv\r\n9GhtqrTnZeQDPMpEv+mSgHeg+8j5r9/JsywugjCUDleT+QdGklSNuJA=\r\n-----END RSA PRIVATE KEY-----\r\n",
                "publicKey": "ssh-rsa AAAAB3NzaC1yc2EAAAADAQABAAABgQC0drVyVAu1Jv/zMWnU0O4Y1xVS0OmvPgKr2mUCBCA/L4vSUZUlAmrhJMXRWjvwXTOOCcQAIkzEo2lrpAQp4/xmoGoNhQCqaYxDL17CO9TzKf0BLF0BML6WY9W7nGSX2b+YEtw8WQIRyKw6VdxDF9uKqmebZdoruppCcrpYNV92eCe5Csuxp6sq53bRqPDS4TfbGGvnqeO0kaf6X7k9YhZJ1Vkho28gLIHHrdMO9Ux4+JaKDM8/JrsKBleBu1zvZG/+5zbbmP/sy0JydA6ZRLJnfhN5FEtxymd5aB0wzkt+BnNUfUItTe1EeSvATVixwVxXzU1lCvqoH1zW0RLud4/SHCQLBoylPyC+1EKDroQY4bipKSrKXzWhdmQbOpra503RWXFJvuw0ZdkIE+CM7wuzIw3LYlenTSvYUvNKNDHApEW8XuVGigmNbzlLGamai88LpYC1KvT38C2U9oRJ5EA4Z8b6VVXZYY8MEA7Mfc4bN8ZaaBrrmS85RxyfB9hlOpU= generated-by-azure"
              },
              "type": [
                "object",
                {
                  "privateKey": "string",
                  "publicKey": "string"
                }
              ]
            },
            "resource_id": "/subscriptions/3df3bf53-d19c-4447-a202-9d092533e1b2/resourceGroups/rg-on-snake/providers/Microsoft.Compute/sshPublicKeys/sshpromotedscorpion",
            "response_export_values": [
              "publicKey",
              "privateKey"
            ],
            "timeouts": null,
            "type": "Microsoft.Compute/sshPublicKeys@2022-11-01",
            "when": "apply"
          },
          "sensitive_attributes": [],
          "dependencies": [
            "azapi_resource.ssh_public_key",
            "azurerm_resource_group.rg",
            "random_pet.rg_name",
            "random_pet.ssh_key_name"
          ]
        }
      ]
    },
    {
      "mode": "managed",
      "type": "azurerm_linux_virtual_machine",
      "name": "myVM",
      "provider": "provider[\"registry.terraform.io/hashicorp/azurerm\"]",
      "instances": [
        {
          "index_key": 0,
          "schema_version": 0,
          "attributes": {
            "additional_capabilities": [],
            "admin_password": null,
            "admin_ssh_key": [
              {
                "public_key": "ssh-rsa AAAAB3NzaC1yc2EAAAADAQABAAABgQC0drVyVAu1Jv/zMWnU0O4Y1xVS0OmvPgKr2mUCBCA/L4vSUZUlAmrhJMXRWjvwXTOOCcQAIkzEo2lrpAQp4/xmoGoNhQCqaYxDL17CO9TzKf0BLF0BML6WY9W7nGSX2b+YEtw8WQIRyKw6VdxDF9uKqmebZdoruppCcrpYNV92eCe5Csuxp6sq53bRqPDS4TfbGGvnqeO0kaf6X7k9YhZJ1Vkho28gLIHHrdMO9Ux4+JaKDM8/JrsKBleBu1zvZG/+5zbbmP/sy0JydA6ZRLJnfhN5FEtxymd5aB0wzkt+BnNUfUItTe1EeSvATVixwVxXzU1lCvqoH1zW0RLud4/SHCQLBoylPyC+1EKDroQY4bipKSrKXzWhdmQbOpra503RWXFJvuw0ZdkIE+CM7wuzIw3LYlenTSvYUvNKNDHApEW8XuVGigmNbzlLGamai88LpYC1KvT38C2U9oRJ5EA4Z8b6VVXZYY8MEA7Mfc4bN8ZaaBrrmS85RxyfB9hlOpU= generated-by-azure",
                "username": "azureadmin"
              }
            ],
            "admin_username": "azureadmin",
            "allow_extension_operations": true,
            "availability_set_id": "",
            "boot_diagnostics": [],
            "computer_name": "myVM-1",
            "custom_data": null,
            "dedicated_host_group_id": "",
            "dedicated_host_id": "",
            "disable_password_authentication": true,
            "encryption_at_host_enabled": false,
            "eviction_policy": "",
            "extensions_time_budget": "PT1H30M",
            "id": "/subscriptions/3df3bf53-d19c-4447-a202-9d092533e1b2/resourceGroups/rg-on-snake/providers/Microsoft.Compute/virtualMachines/myVM-1",
            "identity": [],
            "license_type": "",
            "location": "eastus",
            "max_bid_price": -1,
            "name": "myVM-1",
            "network_interface_ids": [
              "/subscriptions/3df3bf53-d19c-4447-a202-9d092533e1b2/resourceGroups/rg-on-snake/providers/Microsoft.Network/networkInterfaces/myNIC-1"
            ],
            "os_disk": [
              {
                "caching": "ReadWrite",
                "diff_disk_settings": [],
                "disk_encryption_set_id": "",
                "disk_size_gb": 30,
                "name": "myOsDisk1",
                "storage_account_type": "Standard_LRS",
                "write_accelerator_enabled": false
              }
            ],
            "patch_mode": "ImageDefault",
            "plan": [],
            "platform_fault_domain": -1,
            "priority": "Regular",
            "private_ip_address": "10.0.1.5",
            "private_ip_addresses": [
              "10.0.1.5"
            ],
            "provision_vm_agent": true,
            "proximity_placement_group_id": "",
            "public_ip_address": "52.168.48.181",
            "public_ip_addresses": [
              "52.168.48.181"
            ],
            "resource_group_name": "rg-on-snake",
            "secret": [],
            "secure_boot_enabled": false,
            "size": "Standard_DS1_v2",
            "source_image_id": "",
            "source_image_reference": [
              {
                "offer": "0001-com-ubuntu-server-jammy",
                "publisher": "Canonical",
                "sku": "22_04-lts-gen2",
                "version": "latest"
              }
            ],
            "tags": null,
            "timeouts": null,
            "user_data": "",
            "virtual_machine_id": "137d0c65-604d-45aa-afa6-18d223be28a1",
            "virtual_machine_scale_set_id": "",
            "vtpm_enabled": false,
            "zone": ""
          },
          "sensitive_attributes": [
            [
              {
                "type": "get_attr",
                "value": "admin_password"
              }
            ],
            [
              {
                "type": "get_attr",
                "value": "custom_data"
              }
            ]
          ],
          "private": "eyJlMmJmYjczMC1lY2FhLTExZTYtOGY4OC0zNDM2M2JjN2M0YzAiOnsiY3JlYXRlIjoyNzAwMDAwMDAwMDAwLCJkZWxldGUiOjI3MDAwMDAwMDAwMDAsInJlYWQiOjMwMDAwMDAwMDAwMCwidXBkYXRlIjoyNzAwMDAwMDAwMDAwfX0=",
          "dependencies": [
            "azapi_resource.ssh_public_key",
            "azapi_resource_action.ssh_public_key_gen",
            "azurerm_network_interface.nic",
            "azurerm_public_ip.myPubIP",
            "azurerm_resource_group.rg",
            "azurerm_subnet.subnet",
            "azurerm_virtual_network.vnet",
            "random_pet.rg_name",
            "random_pet.ssh_key_name"
          ]
        },
        {
          "index_key": 1,
          "schema_version": 0,
          "attributes": {
            "additional_capabilities": [],
            "admin_password": null,
            "admin_ssh_key": [
              {
                "public_key": "ssh-rsa AAAAB3NzaC1yc2EAAAADAQABAAABgQC0drVyVAu1Jv/zMWnU0O4Y1xVS0OmvPgKr2mUCBCA/L4vSUZUlAmrhJMXRWjvwXTOOCcQAIkzEo2lrpAQp4/xmoGoNhQCqaYxDL17CO9TzKf0BLF0BML6WY9W7nGSX2b+YEtw8WQIRyKw6VdxDF9uKqmebZdoruppCcrpYNV92eCe5Csuxp6sq53bRqPDS4TfbGGvnqeO0kaf6X7k9YhZJ1Vkho28gLIHHrdMO9Ux4+JaKDM8/JrsKBleBu1zvZG/+5zbbmP/sy0JydA6ZRLJnfhN5FEtxymd5aB0wzkt+BnNUfUItTe1EeSvATVixwVxXzU1lCvqoH1zW0RLud4/SHCQLBoylPyC+1EKDroQY4bipKSrKXzWhdmQbOpra503RWXFJvuw0ZdkIE+CM7wuzIw3LYlenTSvYUvNKNDHApEW8XuVGigmNbzlLGamai88LpYC1KvT38C2U9oRJ5EA4Z8b6VVXZYY8MEA7Mfc4bN8ZaaBrrmS85RxyfB9hlOpU= generated-by-azure",
                "username": "azureadmin"
              }
            ],
            "admin_username": "azureadmin",
            "allow_extension_operations": true,
            "availability_set_id": "",
            "boot_diagnostics": [],
            "computer_name": "myVM-2",
            "custom_data": null,
            "dedicated_host_group_id": "",
            "dedicated_host_id": "",
            "disable_password_authentication": true,
            "encryption_at_host_enabled": false,
            "eviction_policy": "",
            "extensions_time_budget": "PT1H30M",
            "id": "/subscriptions/3df3bf53-d19c-4447-a202-9d092533e1b2/resourceGroups/rg-on-snake/providers/Microsoft.Compute/virtualMachines/myVM-2",
            "identity": [],
            "license_type": "",
            "location": "eastus",
            "max_bid_price": -1,
            "name": "myVM-2",
            "network_interface_ids": [
              "/subscriptions/3df3bf53-d19c-4447-a202-9d092533e1b2/resourceGroups/rg-on-snake/providers/Microsoft.Network/networkInterfaces/myNIC-2"
            ],
            "os_disk": [
              {
                "caching": "ReadWrite",
                "diff_disk_settings": [],
                "disk_encryption_set_id": "",
                "disk_size_gb": 30,
                "name": "myOsDisk2",
                "storage_account_type": "Standard_LRS",
                "write_accelerator_enabled": false
              }
            ],
            "patch_mode": "ImageDefault",
            "plan": [],
            "platform_fault_domain": -1,
            "priority": "Regular",
            "private_ip_address": "10.0.1.4",
            "private_ip_addresses": [
              "10.0.1.4"
            ],
            "provision_vm_agent": true,
            "proximity_placement_group_id": "",
            "public_ip_address": "52.168.70.93",
            "public_ip_addresses": [
              "52.168.70.93"
            ],
            "resource_group_name": "rg-on-snake",
            "secret": [],
            "secure_boot_enabled": false,
            "size": "Standard_DS1_v2",
            "source_image_id": "",
            "source_image_reference": [
              {
                "offer": "0001-com-ubuntu-server-jammy",
                "publisher": "Canonical",
                "sku": "22_04-lts-gen2",
                "version": "latest"
              }
            ],
            "tags": null,
            "timeouts": null,
            "user_data": "",
            "virtual_machine_id": "ac9716d4-2fc4-4125-b2b9-71433d36f0ad",
            "virtual_machine_scale_set_id": "",
            "vtpm_enabled": false,
            "zone": ""
          },
          "sensitive_attributes": [
            [
              {
                "type": "get_attr",
                "value": "admin_password"
              }
            ],
            [
              {
                "type": "get_attr",
                "value": "custom_data"
              }
            ]
          ],
          "private": "eyJlMmJmYjczMC1lY2FhLTExZTYtOGY4OC0zNDM2M2JjN2M0YzAiOnsiY3JlYXRlIjoyNzAwMDAwMDAwMDAwLCJkZWxldGUiOjI3MDAwMDAwMDAwMDAsInJlYWQiOjMwMDAwMDAwMDAwMCwidXBkYXRlIjoyNzAwMDAwMDAwMDAwfX0=",
          "dependencies": [
            "azapi_resource.ssh_public_key",
            "azapi_resource_action.ssh_public_key_gen",
            "azurerm_network_interface.nic",
            "azurerm_public_ip.myPubIP",
            "azurerm_resource_group.rg",
            "azurerm_subnet.subnet",
            "azurerm_virtual_network.vnet",
            "random_pet.rg_name",
            "random_pet.ssh_key_name"
          ]
        }
      ]
    },
    {
      "mode": "managed",
      "type": "azurerm_network_interface",
      "name": "nic",
      "provider": "provider[\"registry.terraform.io/hashicorp/azurerm\"]",
      "instances": [
        {
          "index_key": 0,
          "schema_version": 0,
          "attributes": {
            "applied_dns_servers": [],
            "dns_servers": [],
            "enable_accelerated_networking": false,
            "enable_ip_forwarding": false,
            "id": "/subscriptions/3df3bf53-d19c-4447-a202-9d092533e1b2/resourceGroups/rg-on-snake/providers/Microsoft.Network/networkInterfaces/myNIC-1",
            "internal_dns_name_label": "",
            "internal_domain_name_suffix": "c5dogpgry3ae3avvtdg1edsx0d.bx.internal.cloudapp.net",
            "ip_configuration": [
              {
                "gateway_load_balancer_frontend_ip_configuration_id": "",
                "name": "nic_1_configuration",
                "primary": true,
                "private_ip_address": "10.0.1.5",
                "private_ip_address_allocation": "Dynamic",
                "private_ip_address_version": "IPv4",
                "public_ip_address_id": "/subscriptions/3df3bf53-d19c-4447-a202-9d092533e1b2/resourceGroups/rg-on-snake/providers/Microsoft.Network/publicIPAddresses/myPublicIP-1",
                "subnet_id": "/subscriptions/3df3bf53-d19c-4447-a202-9d092533e1b2/resourceGroups/rg-on-snake/providers/Microsoft.Network/virtualNetworks/aula-vnet/subnets/aula-subnet"
              }
            ],
            "location": "eastus",
            "mac_address": "",
            "name": "myNIC-1",
            "private_ip_address": "10.0.1.5",
            "private_ip_addresses": [
              "10.0.1.5"
            ],
            "resource_group_name": "rg-on-snake",
            "tags": null,
            "timeouts": null,
            "virtual_machine_id": ""
          },
          "sensitive_attributes": [],
          "private": "eyJlMmJmYjczMC1lY2FhLTExZTYtOGY4OC0zNDM2M2JjN2M0YzAiOnsiY3JlYXRlIjoxODAwMDAwMDAwMDAwLCJkZWxldGUiOjE4MDAwMDAwMDAwMDAsInJlYWQiOjMwMDAwMDAwMDAwMCwidXBkYXRlIjoxODAwMDAwMDAwMDAwfX0=",
          "dependencies": [
            "azurerm_public_ip.myPubIP",
            "azurerm_resource_group.rg",
            "azurerm_subnet.subnet",
            "azurerm_virtual_network.vnet",
            "random_pet.rg_name"
          ]
        },
        {
          "index_key": 1,
          "schema_version": 0,
          "attributes": {
            "applied_dns_servers": [],
            "dns_servers": [],
            "enable_accelerated_networking": false,
            "enable_ip_forwarding": false,
            "id": "/subscriptions/3df3bf53-d19c-4447-a202-9d092533e1b2/resourceGroups/rg-on-snake/providers/Microsoft.Network/networkInterfaces/myNIC-2",
            "internal_dns_name_label": "",
            "internal_domain_name_suffix": "c5dogpgry3ae3avvtdg1edsx0d.bx.internal.cloudapp.net",
            "ip_configuration": [
              {
                "gateway_load_balancer_frontend_ip_configuration_id": "",
                "name": "nic_2_configuration",
                "primary": true,
                "private_ip_address": "10.0.1.4",
                "private_ip_address_allocation": "Dynamic",
                "private_ip_address_version": "IPv4",
                "public_ip_address_id": "/subscriptions/3df3bf53-d19c-4447-a202-9d092533e1b2/resourceGroups/rg-on-snake/providers/Microsoft.Network/publicIPAddresses/myPublicIP-2",
                "subnet_id": "/subscriptions/3df3bf53-d19c-4447-a202-9d092533e1b2/resourceGroups/rg-on-snake/providers/Microsoft.Network/virtualNetworks/aula-vnet/subnets/aula-subnet"
              }
            ],
            "location": "eastus",
            "mac_address": "",
            "name": "myNIC-2",
            "private_ip_address": "10.0.1.4",
            "private_ip_addresses": [
              "10.0.1.4"
            ],
            "resource_group_name": "rg-on-snake",
            "tags": null,
            "timeouts": null,
            "virtual_machine_id": ""
          },
          "sensitive_attributes": [],
          "private": "eyJlMmJmYjczMC1lY2FhLTExZTYtOGY4OC0zNDM2M2JjN2M0YzAiOnsiY3JlYXRlIjoxODAwMDAwMDAwMDAwLCJkZWxldGUiOjE4MDAwMDAwMDAwMDAsInJlYWQiOjMwMDAwMDAwMDAwMCwidXBkYXRlIjoxODAwMDAwMDAwMDAwfX0=",
          "dependencies": [
            "azurerm_public_ip.myPubIP",
            "azurerm_resource_group.rg",
            "azurerm_subnet.subnet",
            "azurerm_virtual_network.vnet",
            "random_pet.rg_name"
          ]
        }
      ]
    },
    {
      "mode": "managed",
      "type": "azurerm_network_interface_security_group_association",
      "name": "nicNSG",
      "provider": "provider[\"registry.terraform.io/hashicorp/azurerm\"]",
      "instances": [
        {
          "index_key": 0,
          "schema_version": 0,
          "attributes": {
            "id": "/subscriptions/3df3bf53-d19c-4447-a202-9d092533e1b2/resourceGroups/rg-on-snake/providers/Microsoft.Network/networkInterfaces/myNIC-1|/subscriptions/3df3bf53-d19c-4447-a202-9d092533e1b2/resourceGroups/rg-on-snake/providers/Microsoft.Network/networkSecurityGroups/myNetworkSecurityGroup",
            "network_interface_id": "/subscriptions/3df3bf53-d19c-4447-a202-9d092533e1b2/resourceGroups/rg-on-snake/providers/Microsoft.Network/networkInterfaces/myNIC-1",
            "network_security_group_id": "/subscriptions/3df3bf53-d19c-4447-a202-9d092533e1b2/resourceGroups/rg-on-snake/providers/Microsoft.Network/networkSecurityGroups/myNetworkSecurityGroup",
            "timeouts": null
          },
          "sensitive_attributes": [],
          "private": "eyJlMmJmYjczMC1lY2FhLTExZTYtOGY4OC0zNDM2M2JjN2M0YzAiOnsiY3JlYXRlIjoxODAwMDAwMDAwMDAwLCJkZWxldGUiOjE4MDAwMDAwMDAwMDAsInJlYWQiOjMwMDAwMDAwMDAwMCwidXBkYXRlIjoxODAwMDAwMDAwMDAwfX0=",
          "dependencies": [
            "azurerm_network_interface.nic",
            "azurerm_network_security_group.nsg",
            "azurerm_public_ip.myPubIP",
            "azurerm_resource_group.rg",
            "azurerm_subnet.subnet",
            "azurerm_virtual_network.vnet",
            "random_pet.rg_name"
          ]
        },
        {
          "index_key": 1,
          "schema_version": 0,
          "attributes": {
            "id": "/subscriptions/3df3bf53-d19c-4447-a202-9d092533e1b2/resourceGroups/rg-on-snake/providers/Microsoft.Network/networkInterfaces/myNIC-2|/subscriptions/3df3bf53-d19c-4447-a202-9d092533e1b2/resourceGroups/rg-on-snake/providers/Microsoft.Network/networkSecurityGroups/myNetworkSecurityGroup",
            "network_interface_id": "/subscriptions/3df3bf53-d19c-4447-a202-9d092533e1b2/resourceGroups/rg-on-snake/providers/Microsoft.Network/networkInterfaces/myNIC-2",
            "network_security_group_id": "/subscriptions/3df3bf53-d19c-4447-a202-9d092533e1b2/resourceGroups/rg-on-snake/providers/Microsoft.Network/networkSecurityGroups/myNetworkSecurityGroup",
            "timeouts": null
          },
          "sensitive_attributes": [],
          "private": "eyJlMmJmYjczMC1lY2FhLTExZTYtOGY4OC0zNDM2M2JjN2M0YzAiOnsiY3JlYXRlIjoxODAwMDAwMDAwMDAwLCJkZWxldGUiOjE4MDAwMDAwMDAwMDAsInJlYWQiOjMwMDAwMDAwMDAwMCwidXBkYXRlIjoxODAwMDAwMDAwMDAwfX0=",
          "dependencies": [
            "azurerm_network_interface.nic",
            "azurerm_network_security_group.nsg",
            "azurerm_public_ip.myPubIP",
            "azurerm_resource_group.rg",
            "azurerm_subnet.subnet",
            "azurerm_virtual_network.vnet",
            "random_pet.rg_name"
          ]
        }
      ]
    },
    {
      "mode": "managed",
      "type": "azurerm_network_security_group",
      "name": "my_nsg",
      "provider": "provider[\"registry.terraform.io/hashicorp/azurerm\"]",
      "instances": [
        {
          "schema_version": 0,
          "attributes": {
            "id": "/subscriptions/3df3bf53-d19c-4447-a202-9d092533e1b2/resourceGroups/rg-on-snake/providers/Microsoft.Network/networkSecurityGroups/myNSG",
            "location": "eastus",
            "name": "myNSG",
            "resource_group_name": "rg-on-snake",
            "security_rule": [],
            "tags": null,
            "timeouts": null
          },
          "sensitive_attributes": [],
          "private": "eyJlMmJmYjczMC1lY2FhLTExZTYtOGY4OC0zNDM2M2JjN2M0YzAiOnsiY3JlYXRlIjoxODAwMDAwMDAwMDAwLCJkZWxldGUiOjE4MDAwMDAwMDAwMDAsInJlYWQiOjMwMDAwMDAwMDAwMCwidXBkYXRlIjoxODAwMDAwMDAwMDAwfX0=",
          "dependencies": [
            "azurerm_resource_group.rg",
            "random_pet.rg_name"
          ]
        }
      ]
    },
    {
      "mode": "managed",
      "type": "azurerm_network_security_group",
      "name": "nsg",
      "provider": "provider[\"registry.terraform.io/hashicorp/azurerm\"]",
      "instances": [
        {
          "schema_version": 0,
          "attributes": {
            "id": "/subscriptions/3df3bf53-d19c-4447-a202-9d092533e1b2/resourceGroups/rg-on-snake/providers/Microsoft.Network/networkSecurityGroups/myNetworkSecurityGroup",
            "location": "eastus",
            "name": "myNetworkSecurityGroup",
            "resource_group_name": "rg-on-snake",
            "security_rule": [
              {
                "access": "Allow",
                "description": "",
                "destination_address_prefix": "*",
                "destination_address_prefixes": [],
                "destination_application_security_group_ids": [],
                "destination_port_range": "22",
                "destination_port_ranges": [],
                "direction": "Inbound",
                "name": "SSH",
                "priority": 1001,
                "protocol": "Tcp",
                "source_address_prefix": "*",
                "source_address_prefixes": [],
                "source_application_security_group_ids": [],
                "source_port_range": "*",
                "source_port_ranges": []
              },
              {
                "access": "Allow",
                "description": "",
                "destination_address_prefix": "*",
                "destination_address_prefixes": [],
                "destination_application_security_group_ids": [],
                "destination_port_range": "80",
                "destination_port_ranges": [],
                "direction": "Inbound",
                "name": "HTTP",
                "priority": 200,
                "protocol": "*",
                "source_address_prefix": "*",
                "source_address_prefixes": [],
                "source_application_security_group_ids": [],
                "source_port_range": "*",
                "source_port_ranges": []
              }
            ],
            "tags": null,
            "timeouts": null
          },
          "sensitive_attributes": [],
          "private": "eyJlMmJmYjczMC1lY2FhLTExZTYtOGY4OC0zNDM2M2JjN2M0YzAiOnsiY3JlYXRlIjoxODAwMDAwMDAwMDAwLCJkZWxldGUiOjE4MDAwMDAwMDAwMDAsInJlYWQiOjMwMDAwMDAwMDAwMCwidXBkYXRlIjoxODAwMDAwMDAwMDAwfX0=",
          "dependencies": [
            "azurerm_resource_group.rg",
            "random_pet.rg_name"
          ]
        }
      ]
    },
    {
      "mode": "managed",
      "type": "azurerm_public_ip",
      "name": "myPubIP",
      "provider": "provider[\"registry.terraform.io/hashicorp/azurerm\"]",
      "instances": [
        {
          "index_key": 0,
          "schema_version": 0,
          "attributes": {
            "allocation_method": "Dynamic",
            "availability_zone": "No-Zone",
            "domain_name_label": null,
            "fqdn": null,
            "id": "/subscriptions/3df3bf53-d19c-4447-a202-9d092533e1b2/resourceGroups/rg-on-snake/providers/Microsoft.Network/publicIPAddresses/myPublicIP-1",
            "idle_timeout_in_minutes": 4,
            "ip_address": "",
            "ip_tags": null,
            "ip_version": "IPv4",
            "location": "eastus",
            "name": "myPublicIP-1",
            "public_ip_prefix_id": null,
            "resource_group_name": "rg-on-snake",
            "reverse_fqdn": null,
            "sku": "Basic",
            "sku_tier": "Regional",
            "tags": null,
            "timeouts": null,
            "zones": []
          },
          "sensitive_attributes": [],
          "private": "eyJlMmJmYjczMC1lY2FhLTExZTYtOGY4OC0zNDM2M2JjN2M0YzAiOnsiY3JlYXRlIjoxODAwMDAwMDAwMDAwLCJkZWxldGUiOjE4MDAwMDAwMDAwMDAsInJlYWQiOjMwMDAwMDAwMDAwMCwidXBkYXRlIjoxODAwMDAwMDAwMDAwfX0=",
          "dependencies": [
            "azurerm_resource_group.rg",
            "random_pet.rg_name"
          ]
        },
        {
          "index_key": 1,
          "schema_version": 0,
          "attributes": {
            "allocation_method": "Dynamic",
            "availability_zone": "No-Zone",
            "domain_name_label": null,
            "fqdn": null,
            "id": "/subscriptions/3df3bf53-d19c-4447-a202-9d092533e1b2/resourceGroups/rg-on-snake/providers/Microsoft.Network/publicIPAddresses/myPublicIP-2",
            "idle_timeout_in_minutes": 4,
            "ip_address": "",
            "ip_tags": null,
            "ip_version": "IPv4",
            "location": "eastus",
            "name": "myPublicIP-2",
            "public_ip_prefix_id": null,
            "resource_group_name": "rg-on-snake",
            "reverse_fqdn": null,
            "sku": "Basic",
            "sku_tier": "Regional",
            "tags": null,
            "timeouts": null,
            "zones": []
          },
          "sensitive_attributes": [],
          "private": "eyJlMmJmYjczMC1lY2FhLTExZTYtOGY4OC0zNDM2M2JjN2M0YzAiOnsiY3JlYXRlIjoxODAwMDAwMDAwMDAwLCJkZWxldGUiOjE4MDAwMDAwMDAwMDAsInJlYWQiOjMwMDAwMDAwMDAwMCwidXBkYXRlIjoxODAwMDAwMDAwMDAwfX0=",
          "dependencies": [
            "azurerm_resource_group.rg",
            "random_pet.rg_name"
          ]
        }
      ]
    },
    {
      "mode": "managed",
      "type": "azurerm_resource_group",
      "name": "rg",
      "provider": "provider[\"registry.terraform.io/hashicorp/azurerm\"]",
      "instances": [
        {
          "schema_version": 0,
          "attributes": {
            "id": "/subscriptions/3df3bf53-d19c-4447-a202-9d092533e1b2/resourceGroups/rg-on-snake",
            "location": "eastus",
            "name": "rg-on-snake",
            "tags": null,
            "timeouts": null
          },
          "sensitive_attributes": [],
          "private": "eyJlMmJmYjczMC1lY2FhLTExZTYtOGY4OC0zNDM2M2JjN2M0YzAiOnsiY3JlYXRlIjo1NDAwMDAwMDAwMDAwLCJkZWxldGUiOjU0MDAwMDAwMDAwMDAsInJlYWQiOjMwMDAwMDAwMDAwMCwidXBkYXRlIjo1NDAwMDAwMDAwMDAwfX0=",
          "dependencies": [
            "random_pet.rg_name"
          ]
        }
      ]
    },
    {
      "mode": "managed",
      "type": "azurerm_subnet",
      "name": "subnet",
      "provider": "provider[\"registry.terraform.io/hashicorp/azurerm\"]",
      "instances": [
        {
          "schema_version": 0,
          "attributes": {
            "address_prefix": "10.0.1.0/24",
            "address_prefixes": [
              "10.0.1.0/24"
            ],
            "delegation": [],
            "enforce_private_link_endpoint_network_policies": false,
            "enforce_private_link_service_network_policies": false,
            "id": "/subscriptions/3df3bf53-d19c-4447-a202-9d092533e1b2/resourceGroups/rg-on-snake/providers/Microsoft.Network/virtualNetworks/aula-vnet/subnets/aula-subnet",
            "name": "aula-subnet",
            "resource_group_name": "rg-on-snake",
            "service_endpoint_policy_ids": null,
            "service_endpoints": null,
            "timeouts": null,
            "virtual_network_name": "aula-vnet"
          },
          "sensitive_attributes": [],
          "private": "eyJlMmJmYjczMC1lY2FhLTExZTYtOGY4OC0zNDM2M2JjN2M0YzAiOnsiY3JlYXRlIjoxODAwMDAwMDAwMDAwLCJkZWxldGUiOjE4MDAwMDAwMDAwMDAsInJlYWQiOjMwMDAwMDAwMDAwMCwidXBkYXRlIjoxODAwMDAwMDAwMDAwfX0=",
          "dependencies": [
            "azurerm_resource_group.rg",
            "azurerm_virtual_network.vnet",
            "random_pet.rg_name"
          ]
        }
      ]
    },
    {
      "mode": "managed",
      "type": "azurerm_virtual_network",
      "name": "vnet",
      "provider": "provider[\"registry.terraform.io/hashicorp/azurerm\"]",
      "instances": [
        {
          "schema_version": 0,
          "attributes": {
            "address_space": [
              "10.0.0.0/16"
            ],
            "bgp_community": "",
            "ddos_protection_plan": [],
            "dns_servers": [],
            "flow_timeout_in_minutes": 0,
            "guid": "3ce3c617-c7d1-4e40-82b5-98cdb20e57d3",
            "id": "/subscriptions/3df3bf53-d19c-4447-a202-9d092533e1b2/resourceGroups/rg-on-snake/providers/Microsoft.Network/virtualNetworks/aula-vnet",
            "location": "eastus",
            "name": "aula-vnet",
            "resource_group_name": "rg-on-snake",
            "subnet": [],
            "tags": null,
            "timeouts": null,
            "vm_protection_enabled": false
          },
          "sensitive_attributes": [],
          "private": "eyJlMmJmYjczMC1lY2FhLTExZTYtOGY4OC0zNDM2M2JjN2M0YzAiOnsiY3JlYXRlIjoxODAwMDAwMDAwMDAwLCJkZWxldGUiOjE4MDAwMDAwMDAwMDAsInJlYWQiOjMwMDAwMDAwMDAwMCwidXBkYXRlIjoxODAwMDAwMDAwMDAwfX0=",
          "dependencies": [
            "azurerm_resource_group.rg",
            "random_pet.rg_name"
          ]
        }
      ]
    },
    {
      "mode": "managed",
      "type": "local_file",
      "name": "hosts_cfg",
      "provider": "provider[\"registry.terraform.io/hashicorp/local\"]",
      "instances": [
        {
          "schema_version": 0,
          "attributes": {
            "content": "myhosts:\n  hosts:\n    myVM-1:\n      ansible_host: 52.168.48.181\n    myVM-2:\n      ansible_host: 52.168.70.93\n  vars:\n    ansible_user: azureadmin",
            "content_base64": null,
            "content_base64sha256": "ffOsqx9uPFiv/7wRzatoQAeXj5BRFXGteI3tWp6ijPo=",
            "content_base64sha512": "I3GDgwm7yeFMysxXPj2cRf33kzVPiOVrxedqW3w4QWDAXU6sN5vf4c1phiNVfEJ34m9qEK1IkAblH1X/MIvOEA==",
            "content_md5": "a3a63f16fe267e895422bcd31e3c6288",
            "content_sha1": "0d94a0f94b93ebb165412420cf7da42783a9d5d2",
            "content_sha256": "7df3acab1f6e3c58afffbc11cdab684007978f90511571ad788ded5a9ea28cfa",
            "content_sha512": "2371838309bbc9e14ccacc573e3d9c45fdf793354f88e56bc5e76a5b7c384160c05d4eac379bdfe1cd698623557c4277e26f6a10ad489006e51f55ff308bce10",
            "directory_permission": "0777",
            "file_permission": "0777",
            "filename": "./ansible/inventory.yml",
            "id": "0d94a0f94b93ebb165412420cf7da42783a9d5d2",
            "sensitive_content": null,
            "source": null
          },
          "sensitive_attributes": [
            [
              {
                "type": "get_attr",
                "value": "sensitive_content"
              }
            ],
            [
              {
                "type": "get_attr",
                "value": "content"
              }
            ]
          ],
          "dependencies": [
            "azapi_resource.ssh_public_key",
            "azapi_resource_action.ssh_public_key_gen",
            "azurerm_linux_virtual_machine.myVM",
            "azurerm_network_interface.nic",
            "azurerm_public_ip.myPubIP",
            "azurerm_resource_group.rg",
            "azurerm_subnet.subnet",
            "azurerm_virtual_network.vnet",
            "random_pet.rg_name",
            "random_pet.ssh_key_name"
          ]
        }
      ]
    },
    {
      "mode": "managed",
      "type": "local_file",
      "name": "private_key",
      "provider": "provider[\"registry.terraform.io/hashicorp/local\"]",
      "instances": [
        {
          "schema_version": 0,
          "attributes": {
            "content": "-----BEGIN RSA PRIVATE KEY-----\r\nMIIG5QIBAAKCAYEAtHa1clQLtSb/8zFp1NDuGNcVUtDprz4Cq9plAgQgPy+L0lGV\r\nJQJq4STF0Vo78F0zjgnEACJMxKNpa6QEKeP8ZqBqDYUAqmmMQy9ewjvU8yn9ASxd\r\nATC+lmPVu5xkl9m/mBLcPFkCEcisOlXcQxfbiqpnm2XaK7qaQnK6WDVfdngnuQrL\r\nsaerKud20ajw0uE32xhr56njtJGn+l+5PWIWSdVZIaNvICyBx63TDvVMePiWigzP\r\nPya7CgZXgbtc72Rv/uc225j/7MtCcnQOmUSyZ34TeRRLccpneWgdMM5LfgZzVH1C\r\nLU3tRHkrwE1YscFcV81NZQr6qB9c1tES7neP0hwkCwaMpT8gvtRCg66EGOG4qSkq\r\nyl81oXZkGzqa2udN0VlxSb7sNGXZCBPgjO8LsyMNy2JXp00r2FLzSjQxwKRFvF7l\r\nRooJjW85SxmpmovPC6WAtSr09/AtlPaESeRAOGfG+lVV2WGPDBAOzH3OGzfGWmga\r\n65kvOUccnwfYZTqVAgMBAAECggGAWPEYxFw/2Ox7wTRdYJIIhx2aWNK2GbSKRIDC\r\nv5eg/QNF+kZTJ4ZlfslM5b1/RRvqSNrvStGc3F1dm7uegbbnsvzkx/0BMvwKMSKr\r\npTcv4RiUpXtj6y5HAH/72xddTKn5D85b1TJZHsK0f5vJjxe3EESkA6bTPDIfzRgW\r\nV1sWzaCykzSK5+gnKGIj4XlOF+EAUm9a3zaQD3KqQ2/iMCqjqYgJAdc28bh9zhgR\r\nqZGkOwrpxuhBTHKeRHaTslDRoPrykt1fhPtfXjOs6egUdu9wP2QdbqSw6gHjo8il\r\nYS8J33Y3HZ+mCCWAgHfLTr4Vclhaz9yHL/36RB2QRzKSPsmemanrV485Mkg9XfBG\r\nkp1P9MBVQGffy5J7JI97/GE+jKz+c8SUYxYWHz1JcO+qDuF2RmPSwmX6fsLiRZvT\r\ndRWUTonXXSuCO3GC9G7rfE8kk176mQ/LmF1ymQe9RwZFbe/R9BOClt9x/JnB7tyJ\r\nOlDeqJgknXqzNFPolb6HZgnJyGyRAoHBAO0ukT8HtEGw504w7ocdkpAmggkIhYHD\r\nQh98MsFUoIHfqLDrFgiLkDMEvtGfkR9yK26RwKoY8KHMqf22JB8Q8eMI7epRpUvX\r\nfv0rkxZldzgUMzoYccf/TJa7cOglAv+6PfF2Ul28yHZdJaj/LXsI2v1idCYjqFuA\r\n21IQIGZYmvDw7+WcBjMTLP6l9/5MdLmXue7S41r8Q+uUlTgwLARZ8DWlPGSTzeh1\r\nhafYw5vKhdeHDeom+IZt372OKtiQD+QeLwKBwQDCyCF0qZvdK1LzJY86iv6gPWAF\r\n20V8/OyvY9aTM3Qmqg1oAuDqHN6vbWvFW+vmRpcmnUwFT5ued0/t6U56eFwHi6Rx\r\nFaeVP4/0NjvxQ9SnGfjz9Fjb7s4SCGVEaoBxvHXrd2S77WV7v4Z2b+J6JElwdxKC\r\ntvVCHim3YjuY31nIVBXGgbH4pVGe6HOF+Pso4/5Zg7ugjec9isAowQv+OxaQ73Ft\r\nAHRI9nJi3WplFqGPP1+YLHVuuAAOAZEDjL18ZnsCgcEAp9dBT5I7HBV8yddUpGbn\r\n9XxantvZ5kbvvuob3LXvU5ibfn8Nu4RPydq80giSIOehFoCsD3LQrh7v2KuRCi7q\r\njVgfTKb0SyQ3KB8y2jF5WUTqL11m/zmJ0EzajFzMr3zzIrExfkX+scwev2W8oIlW\r\ntuJ6ARdQp1gbXAovc12WX5SQnzJ3LKOQPq/iO6GNJFzbZcb0vskvo0ElC3sDWxzu\r\nIHhKsX3qw2qO54U8fz2k0y0uSpnDWxXbs/8sEM55gFtfAoHBAJFhNG9RxI7QLkpi\r\nx0OHyMKq7IeSgIvob3P9DYOyzMeq9vSh6WNzhtXi0qRslma6W0ir8LiqEVm2bccB\r\n8txAB1huZp8s7XbdCUHaVOUfnpHWNdVHlCcbV11oPMVSxGmfo1fLNjl519wEOIUf\r\nvycw/Etf5EYB7o6Z2sMQI7FXSzjVYadW2BHguknj742YJ0X+3bHMO/d60pRBgmko\r\npR3s1kv5G2yjASgQIZIe9rFasd0sDNqUnFW2KfxKOQUwP6GhDwKBwQCRHMMco06k\r\n2E73gGg4lHGPgbsEJL38lwX+/WaHCjGuTmDqr4dm95iQx1k7IunbzDSniF/Fpyq4\r\np6oFAgNDwKbp3w9VnSehNX3Z/JfLAJMKVg4Hz+vg9OXi5EMNG60IYuux5MMFnux0\r\nyCpIugzPqGTmBmQX7mDdObI/xrKOSOavKKhWTnDW1EOa1NHg2ru9Rt8Sh4WT8Pnv\r\n9GhtqrTnZeQDPMpEv+mSgHeg+8j5r9/JsywugjCUDleT+QdGklSNuJA=\r\n-----END RSA PRIVATE KEY-----\r\n",
            "content_base64": null,
            "content_base64sha256": "lKs3AraPK5NWYFpR1j42PouR7SP9hiQqiFfwUl4ivYw=",
            "content_base64sha512": "C3Kzb+z0rgGcbocZshwcysKq5KgP6NYeYD5FnjIGbbqq6f549nMWoqtLjiStZBp8tj/gcYhp+SOXURItY5HpYA==",
            "content_md5": "9f7f65a260d6495d17c4a13551833444",
            "content_sha1": "6f023f8754d36b2d924ef6b21169f68e2c4ed233",
            "content_sha256": "94ab3702b68f2b9356605a51d63e363e8b91ed23fd86242a8857f0525e22bd8c",
            "content_sha512": "0b72b36fecf4ae019c6e8719b21c1ccac2aae4a80fe8d61e603e459e32066dbaaae9fe78f67316a2ab4b8e24ad641a7cb63fe0718869f9239751122d6391e960",
            "directory_permission": "0777",
            "file_permission": "0600",
            "filename": "private_key.pem",
            "id": "6f023f8754d36b2d924ef6b21169f68e2c4ed233",
            "sensitive_content": null,
            "source": null
          },
          "sensitive_attributes": [
            [
              {
                "type": "get_attr",
                "value": "sensitive_content"
              }
            ]
          ],
          "dependencies": [
            "azapi_resource.ssh_public_key",
            "azapi_resource_action.ssh_public_key_gen",
            "azurerm_resource_group.rg",
            "random_pet.rg_name",
            "random_pet.ssh_key_name"
          ]
        }
      ]
    },
    {
      "mode": "managed",
      "type": "random_pet",
      "name": "rg_name",
      "provider": "provider[\"registry.terraform.io/hashicorp/random\"]",
      "instances": [
        {
          "schema_version": 0,
          "attributes": {
            "id": "rg-on-snake",
            "keepers": null,
            "length": 2,
            "prefix": "rg",
            "separator": "-"
          },
          "sensitive_attributes": []
        }
      ]
    },
    {
      "mode": "managed",
      "type": "random_pet",
      "name": "ssh_key_name",
      "provider": "provider[\"registry.terraform.io/hashicorp/random\"]",
      "instances": [
        {
          "schema_version": 0,
          "attributes": {
            "id": "sshpromotedscorpion",
            "keepers": null,
            "length": 2,
            "prefix": "ssh",
            "separator": ""
          },
          "sensitive_attributes": []
        }
      ]
    }
  ],
  "check_results": null
}
